
Microsoft Visual Studio Solution File, Format Version 12.00
# Visual Studio Version 17
VisualStudioVersion = 17.14.36717.8
MinimumVisualStudioVersion = 10.0.40219.1
Project("{8BC9CEB8-8B4A-11D0-8D11-00A0C91BC942}") = "Hazel", "Hazel\Hazel.vcxproj", "{26503B76-6931-441B-925C-02AC027B3611}"
EndProject
Project("{8BC9CEB8-8B4A-11D0-8D11-00A0C91BC942}") = "Sandbox", "Sandbox\Sandbox.vcxproj", "{3B923002-ED4B-4570-998B-135D9EF3D08F}"
EndProject
Global
	GlobalSection(SolutionConfigurationPlatforms) = preSolution
		Debug|x64 = Debug|x64
		Release|x64 = Release|x64
	EndGlobalSection
	GlobalSection(ProjectConfigurationPlatforms) = postSolution
		{26503B76-6931-441B-925C-02AC027B3611}.Debug|x64.ActiveCfg = Debug|x64
		{26503B76-6931-441B-925C-02AC027B3611}.Debug|x64.Build.0 = Debug|x64
		{26503B76-6931-441B-925C-02AC027B3611}.Release|x64.ActiveCfg = Release|x64
		{26503B76-6931-441B-925C-02AC027B3611}.Release|x64.Build.0 = Release|x64
		{3B923002-ED4B-4570-998B-135D9EF3D08F}.Debug|x64.ActiveCfg = Debug|x64
		{3B923002-ED4B-4570-998B-135D9EF3D08F}.Debug|x64.Build.0 = Debug|x64
		{3B923002-ED4B-4570-998B-135D9EF3D08F}.Release|x64.ActiveCfg = Release|x64
		{3B923002-ED4B-4570-998B-135D9EF3D08F}.Release|x64.Build.0 = Release|x64
	EndGlobalSection
	GlobalSection(SolutionProperties) = preSolution
		HideSolutionNode = FALSE
	EndGlobalSection
	GlobalSection(ExtensibilityGlobals) = postSolution
		SolutionGuid = {088D4547-70F5-4ECD-9DB0-A0D02853C8DD}
	EndGlobalSection
EndGlobal
